
Microsoft Visual Studio Solution File, Format Version 11.00
# Visual Studio 2010
Project("{FAE04EC0-301F-11D3-BF4B-00C04F79EFBC}") = "FIRST_DeskClient", "FIRST_DeskClient\FIRST_DeskClient.csproj", "{D691FD2D-81D3-4C1E-BE77-C878DE348853}"
EndProject
Project("{FAE04EC0-301F-11D3-BF4B-00C04F79EFBC}") = "Utility", "Util\Utility.csproj", "{0D99F280-A059-45D5-9614-777BE6860D5C}"
EndProject
Project("{FAE04EC0-301F-11D3-BF4B-00C04F79EFBC}") = "CameraDriver1", "CameraDriver1\CameraDriver1.csproj", "{A5AFB712-D439-40C9-BEF9-1D8422DF655C}"
EndProject
Global
	GlobalSection(SolutionConfigurationPlatforms) = preSolution
		Debug|Any CPU = Debug|Any CPU
		Debug|x86 = Debug|x86
		Release|Any CPU = Release|Any CPU
		Release|x86 = Release|x86
	EndGlobalSection
	GlobalSection(ProjectConfigurationPlatforms) = postSolution
		{D691FD2D-81D3-4C1E-BE77-C878DE348853}.Debug|Any CPU.ActiveCfg = Debug|x86
		{D691FD2D-81D3-4C1E-BE77-C878DE348853}.Debug|x86.ActiveCfg = Debug|x86
		{D691FD2D-81D3-4C1E-BE77-C878DE348853}.Debug|x86.Build.0 = Debug|x86
		{D691FD2D-81D3-4C1E-BE77-C878DE348853}.Release|Any CPU.ActiveCfg = Release|x86
		{D691FD2D-81D3-4C1E-BE77-C878DE348853}.Release|x86.ActiveCfg = Release|x86
		{D691FD2D-81D3-4C1E-BE77-C878DE348853}.Release|x86.Build.0 = Release|x86
		{0D99F280-A059-45D5-9614-777BE6860D5C}.Debug|Any CPU.ActiveCfg = Debug|Any CPU
		{0D99F280-A059-45D5-9614-777BE6860D5C}.Debug|Any CPU.Build.0 = Debug|Any CPU
		{0D99F280-A059-45D5-9614-777BE6860D5C}.Debug|x86.ActiveCfg = Debug|x86
		{0D99F280-A059-45D5-9614-777BE6860D5C}.Debug|x86.Build.0 = Debug|x86
		{0D99F280-A059-45D5-9614-777BE6860D5C}.Release|Any CPU.ActiveCfg = Release|Any CPU
		{0D99F280-A059-45D5-9614-777BE6860D5C}.Release|Any CPU.Build.0 = Release|Any CPU
		{0D99F280-A059-45D5-9614-777BE6860D5C}.Release|x86.ActiveCfg = Release|x86
		{0D99F280-A059-45D5-9614-777BE6860D5C}.Release|x86.Build.0 = Release|x86
		{A5AFB712-D439-40C9-BEF9-1D8422DF655C}.Debug|Any CPU.ActiveCfg = Debug|x86
		{A5AFB712-D439-40C9-BEF9-1D8422DF655C}.Debug|x86.ActiveCfg = Debug|x86
		{A5AFB712-D439-40C9-BEF9-1D8422DF655C}.Debug|x86.Build.0 = Debug|x86
		{A5AFB712-D439-40C9-BEF9-1D8422DF655C}.Release|Any CPU.ActiveCfg = Release|x86
		{A5AFB712-D439-40C9-BEF9-1D8422DF655C}.Release|x86.ActiveCfg = Release|x86
		{A5AFB712-D439-40C9-BEF9-1D8422DF655C}.Release|x86.Build.0 = Release|x86
	EndGlobalSection
	GlobalSection(SolutionProperties) = preSolution
		HideSolutionNode = FALSE
	EndGlobalSection
EndGlobal
