
Microsoft Visual Studio Solution File, Format Version 12.00
# Visual Studio 15
VisualStudioVersion = 15.0.28307.757
MinimumVisualStudioVersion = 10.0.40219.1
Project("{E24C65DC-7377-472B-9ABA-BC803B73C61A}") = "ResponsiveWebsite", "ResponsiveWebsite\", "{A4F15172-D82F-4B18-BDEA-16764A42003E}"
	ProjectSection(WebsiteProperties) = preProject
		TargetFrameworkMoniker = ".NETFramework,Version%3Dv4.6.1"
		Debug.AspNetCompiler.VirtualPath = "/localhost_55531"
		Debug.AspNetCompiler.PhysicalPath = "ResponsiveWebsite\"
		Debug.AspNetCompiler.TargetPath = "PrecompiledWeb\localhost_55531\"
		Debug.AspNetCompiler.Updateable = "true"
		Debug.AspNetCompiler.ForceOverwrite = "true"
		Debug.AspNetCompiler.FixedNames = "false"
		Debug.AspNetCompiler.Debug = "True"
		Release.AspNetCompiler.VirtualPath = "/localhost_55531"
		Release.AspNetCompiler.PhysicalPath = "ResponsiveWebsite\"
		Release.AspNetCompiler.TargetPath = "PrecompiledWeb\localhost_55531\"
		Release.AspNetCompiler.Updateable = "true"
		Release.AspNetCompiler.ForceOverwrite = "true"
		Release.AspNetCompiler.FixedNames = "false"
		Release.AspNetCompiler.Debug = "False"
		VWDPort = "55531"
		SlnRelativePath = "ResponsiveWebsite\"
		DefaultWebSiteLanguage = "Visual C#"
	EndProjectSection
EndProject
Global
	GlobalSection(SolutionConfigurationPlatforms) = preSolution
		Debug|Any CPU = Debug|Any CPU
	EndGlobalSection
	GlobalSection(ProjectConfigurationPlatforms) = postSolution
		{A4F15172-D82F-4B18-BDEA-16764A42003E}.Debug|Any CPU.ActiveCfg = Debug|Any CPU
		{A4F15172-D82F-4B18-BDEA-16764A42003E}.Debug|Any CPU.Build.0 = Debug|Any CPU
	EndGlobalSection
	GlobalSection(SolutionProperties) = preSolution
		HideSolutionNode = FALSE
	EndGlobalSection
	GlobalSection(ExtensibilityGlobals) = postSolution
		SolutionGuid = {31D0E09B-6D89-4E49-99E6-8B563C7A7FF8}
	EndGlobalSection
EndGlobal
